// !$*UTF8*$!
{
	archiveVersion = 1;
	classes = {
	};
	objectVersion = 46;
	objects = {

/* Begin PBXBuildFile section */
		4E322BDC1BF0B1C40000DA18 /* libFlurry_7.3.0.a in Frameworks */ = {isa = PBXBuildFile; fileRef = 4E322BDB1BF0B1C40000DA18 /* libFlurry_7.3.0.a */; };
		4E322BDE1BF0B1DE0000DA18 /* Security.framework in Frameworks */ = {isa = PBXBuildFile; fileRef = 4E322BDD1BF0B1DE0000DA18 /* Security.framework */; };
		4E322BE01BF0B1EB0000DA18 /* SystemConfiguration.framework in Frameworks */ = {isa = PBXBuildFile; fileRef = 4E322BDF1BF0B1EB0000DA18 /* SystemConfiguration.framework */; };
		4E8104151BF040BB007C9F1C /* CongratulationsViewController.m in Sources */ = {isa = PBXBuildFile; fileRef = 4E8104141BF040BB007C9F1C /* CongratulationsViewController.m */; };
		4E8104181BF056DF007C9F1C /* HighScoresViewController.m in Sources */ = {isa = PBXBuildFile; fileRef = 4E8104171BF056DF007C9F1C /* HighScoresViewController.m */; };
		4EC249ED1BEC088400704EF1 /* main.m in Sources */ = {isa = PBXBuildFile; fileRef = 4EC249EC1BEC088400704EF1 /* main.m */; };
		4EC249F01BEC088400704EF1 /* AppDelegate.m in Sources */ = {isa = PBXBuildFile; fileRef = 4EC249EF1BEC088400704EF1 /* AppDelegate.m */; };
		4EC249F31BEC088400704EF1 /* GameBoardViewController.m in Sources */ = {isa = PBXBuildFile; fileRef = 4EC249F21BEC088400704EF1 /* GameBoardViewController.m */; };
		4EC249F61BEC088400704EF1 /* Main.storyboard in Resources */ = {isa = PBXBuildFile; fileRef = 4EC249F41BEC088400704EF1 /* Main.storyboard */; };
		4EC249F81BEC088400704EF1 /* Images.xcassets in Resources */ = {isa = PBXBuildFile; fileRef = 4EC249F71BEC088400704EF1 /* Images.xcassets */; };
		4EC249FB1BEC088400704EF1 /* LaunchScreen.xib in Resources */ = {isa = PBXBuildFile; fileRef = 4EC249F91BEC088400704EF1 /* LaunchScreen.xib */; };
		4EEF8DE91BEC49F500D03B12 /* LevelModel.m in Sources */ = {isa = PBXBuildFile; fileRef = 4EEF8DE81BEC49F500D03B12 /* LevelModel.m */; };
		4EEF8DEB1BEC4A8200D03B12 /* LevelModelTests.m in Sources */ = {isa = PBXBuildFile; fileRef = 4EEF8DEA1BEC4A8200D03B12 /* LevelModelTests.m */; };
		4EEF8DEE1BEC50C900D03B12 /* BlockView.m in Sources */ = {isa = PBXBuildFile; fileRef = 4EEF8DED1BEC50C900D03B12 /* BlockView.m */; };
/* End PBXBuildFile section */

/* Begin PBXContainerItemProxy section */
		4EC24A011BEC088400704EF1 /* PBXContainerItemProxy */ = {
			isa = PBXContainerItemProxy;
			containerPortal = 4EC249DF1BEC088400704EF1 /* Project object */;
			proxyType = 1;
			remoteGlobalIDString = 4EC249E61BEC088400704EF1;
			remoteInfo = Fuzzle;
		};
/* End PBXContainerItemProxy section */

/* Begin PBXFileReference section */
		4E322BD91BF0B1C40000DA18 /* Flurry.h */ = {isa = PBXFileReference; fileEncoding = 4; lastKnownFileType = sourcecode.c.h; path = Flurry.h; sourceTree = "<group>"; };
		4E322BDA1BF0B1C40000DA18 /* FlurryWatch.h */ = {isa = PBXFileReference; fileEncoding = 4; lastKnownFileType = sourcecode.c.h; path = FlurryWatch.h; sourceTree = "<group>"; };
		4E322BDB1BF0B1C40000DA18 /* libFlurry_7.3.0.a */ = {isa = PBXFileReference; lastKnownFileType = archive.ar; path = libFlurry_7.3.0.a; sourceTree = "<group>"; };
		4E322BDD1BF0B1DE0000DA18 /* Security.framework */ = {isa = PBXFileReference; lastKnownFileType = wrapper.framework; name = Security.framework; path = System/Library/Frameworks/Security.framework; sourceTree = SDKROOT; };
		4E322BDF1BF0B1EB0000DA18 /* SystemConfiguration.framework */ = {isa = PBXFileReference; lastKnownFileType = wrapper.framework; name = SystemConfiguration.framework; path = System/Library/Frameworks/SystemConfiguration.framework; sourceTree = SDKROOT; };
		4E8104131BF040BB007C9F1C /* CongratulationsViewController.h */ = {isa = PBXFileReference; fileEncoding = 4; lastKnownFileType = sourcecode.c.h; path = CongratulationsViewController.h; sourceTree = "<group>"; };
		4E8104141BF040BB007C9F1C /* CongratulationsViewController.m */ = {isa = PBXFileReference; fileEncoding = 4; lastKnownFileType = sourcecode.c.objc; path = CongratulationsViewController.m; sourceTree = "<group>"; };
		4E8104161BF056DF007C9F1C /* HighScoresViewController.h */ = {isa = PBXFileReference; fileEncoding = 4; lastKnownFileType = sourcecode.c.h; path = HighScoresViewController.h; sourceTree = "<group>"; };
		4E8104171BF056DF007C9F1C /* HighScoresViewController.m */ = {isa = PBXFileReference; fileEncoding = 4; lastKnownFileType = sourcecode.c.objc; path = HighScoresViewController.m; sourceTree = "<group>"; };
		4EC249E71BEC088400704EF1 /* Fuzzle.app */ = {isa = PBXFileReference; explicitFileType = wrapper.application; includeInIndex = 0; path = Fuzzle.app; sourceTree = BUILT_PRODUCTS_DIR; };
		4EC249EB1BEC088400704EF1 /* Info.plist */ = {isa = PBXFileReference; lastKnownFileType = text.plist.xml; path = Info.plist; sourceTree = "<group>"; };
		4EC249EC1BEC088400704EF1 /* main.m */ = {isa = PBXFileReference; lastKnownFileType = sourcecode.c.objc; path = main.m; sourceTree = "<group>"; };
		4EC249EE1BEC088400704EF1 /* AppDelegate.h */ = {isa = PBXFileReference; lastKnownFileType = sourcecode.c.h; path = AppDelegate.h; sourceTree = "<group>"; };
		4EC249EF1BEC088400704EF1 /* AppDelegate.m */ = {isa = PBXFileReference; lastKnownFileType = sourcecode.c.objc; path = AppDelegate.m; sourceTree = "<group>"; };
		4EC249F11BEC088400704EF1 /* GameBoardViewController.h */ = {isa = PBXFileReference; lastKnownFileType = sourcecode.c.h; path = GameBoardViewController.h; sourceTree = "<group>"; };
		4EC249F21BEC088400704EF1 /* GameBoardViewController.m */ = {isa = PBXFileReference; lastKnownFileType = sourcecode.c.objc; path = GameBoardViewController.m; sourceTree = "<group>"; };
		4EC249F51BEC088400704EF1 /* Base */ = {isa = PBXFileReference; lastKnownFileType = file.storyboard; name = Base; path = Base.lproj/Main.storyboard; sourceTree = "<group>"; };
		4EC249F71BEC088400704EF1 /* Images.xcassets */ = {isa = PBXFileReference; lastKnownFileType = folder.assetcatalog; path = Images.xcassets; sourceTree = "<group>"; };
		4EC249FA1BEC088400704EF1 /* Base */ = {isa = PBXFileReference; lastKnownFileType = file.xib; name = Base; path = Base.lproj/LaunchScreen.xib; sourceTree = "<group>"; };
		4EC24A001BEC088400704EF1 /* FuzzleTests.xctest */ = {isa = PBXFileReference; explicitFileType = wrapper.cfbundle; includeInIndex = 0; path = FuzzleTests.xctest; sourceTree = BUILT_PRODUCTS_DIR; };
		4EC24A051BEC088400704EF1 /* Info.plist */ = {isa = PBXFileReference; lastKnownFileType = text.plist.xml; path = Info.plist; sourceTree = "<group>"; };
		4EEF8DE71BEC49F500D03B12 /* LevelModel.h */ = {isa = PBXFileReference; fileEncoding = 4; lastKnownFileType = sourcecode.c.h; path = LevelModel.h; sourceTree = "<group>"; };
		4EEF8DE81BEC49F500D03B12 /* LevelModel.m */ = {isa = PBXFileReference; fileEncoding = 4; lastKnownFileType = sourcecode.c.objc; path = LevelModel.m; sourceTree = "<group>"; };
		4EEF8DEA1BEC4A8200D03B12 /* LevelModelTests.m */ = {isa = PBXFileReference; fileEncoding = 4; lastKnownFileType = sourcecode.c.objc; path = LevelModelTests.m; sourceTree = "<group>"; };
		4EEF8DEC1BEC50C900D03B12 /* BlockView.h */ = {isa = PBXFileReference; fileEncoding = 4; lastKnownFileType = sourcecode.c.h; path = BlockView.h; sourceTree = "<group>"; };
		4EEF8DED1BEC50C900D03B12 /* BlockView.m */ = {isa = PBXFileReference; fileEncoding = 4; lastKnownFileType = sourcecode.c.objc; path = BlockView.m; sourceTree = "<group>"; };
/* End PBXFileReference section */

/* Begin PBXFrameworksBuildPhase section */
		4EC249E41BEC088400704EF1 /* Frameworks */ = {
			isa = PBXFrameworksBuildPhase;
			buildActionMask = 2147483647;
			files = (
				4E322BE01BF0B1EB0000DA18 /* SystemConfiguration.framework in Frameworks */,
				4E322BDE1BF0B1DE0000DA18 /* Security.framework in Frameworks */,
				4E322BDC1BF0B1C40000DA18 /* libFlurry_7.3.0.a in Frameworks */,
			);
			runOnlyForDeploymentPostprocessing = 0;
		};
		4EC249FD1BEC088400704EF1 /* Frameworks */ = {
			isa = PBXFrameworksBuildPhase;
			buildActionMask = 2147483647;
			files = (
			);
			runOnlyForDeploymentPostprocessing = 0;
		};
/* End PBXFrameworksBuildPhase section */

/* Begin PBXGroup section */
		4E322BD81BF0B1C40000DA18 /* Flurry */ = {
			isa = PBXGroup;
			children = (
				4E322BD91BF0B1C40000DA18 /* Flurry.h */,
				4E322BDA1BF0B1C40000DA18 /* FlurryWatch.h */,
				4E322BDB1BF0B1C40000DA18 /* libFlurry_7.3.0.a */,
			);
			path = Flurry;
			sourceTree = "<group>";
		};
		4EC249DE1BEC088400704EF1 = {
			isa = PBXGroup;
			children = (
				4E322BDF1BF0B1EB0000DA18 /* SystemConfiguration.framework */,
				4E322BDD1BF0B1DE0000DA18 /* Security.framework */,
				4E322BD81BF0B1C40000DA18 /* Flurry */,
				4EC249E91BEC088400704EF1 /* Fuzzle */,
				4EC24A031BEC088400704EF1 /* FuzzleTests */,
				4EC249E81BEC088400704EF1 /* Products */,
			);
			sourceTree = "<group>";
		};
		4EC249E81BEC088400704EF1 /* Products */ = {
			isa = PBXGroup;
			children = (
				4EC249E71BEC088400704EF1 /* Fuzzle.app */,
				4EC24A001BEC088400704EF1 /* FuzzleTests.xctest */,
			);
			name = Products;
			sourceTree = "<group>";
		};
		4EC249E91BEC088400704EF1 /* Fuzzle */ = {
			isa = PBXGroup;
			children = (
				4EC249EE1BEC088400704EF1 /* AppDelegate.h */,
				4EC249EF1BEC088400704EF1 /* AppDelegate.m */,
				4EC249F11BEC088400704EF1 /* GameBoardViewController.h */,
				4EC249F21BEC088400704EF1 /* GameBoardViewController.m */,
				4E8104161BF056DF007C9F1C /* HighScoresViewController.h */,
				4E8104171BF056DF007C9F1C /* HighScoresViewController.m */,
				4E8104131BF040BB007C9F1C /* CongratulationsViewController.h */,
				4E8104141BF040BB007C9F1C /* CongratulationsViewController.m */,
				4EEF8DEC1BEC50C900D03B12 /* BlockView.h */,
				4EEF8DED1BEC50C900D03B12 /* BlockView.m */,
				4EEF8DE71BEC49F500D03B12 /* LevelModel.h */,
				4EEF8DE81BEC49F500D03B12 /* LevelModel.m */,
				4EC249F41BEC088400704EF1 /* Main.storyboard */,
				4EC249F71BEC088400704EF1 /* Images.xcassets */,
				4EC249F91BEC088400704EF1 /* LaunchScreen.xib */,
				4EC249EA1BEC088400704EF1 /* Supporting Files */,
			);
			path = Fuzzle;
			sourceTree = "<group>";
		};
		4EC249EA1BEC088400704EF1 /* Supporting Files */ = {
			isa = PBXGroup;
			children = (
				4EC249EB1BEC088400704EF1 /* Info.plist */,
				4EC249EC1BEC088400704EF1 /* main.m */,
			);
			name = "Supporting Files";
			sourceTree = "<group>";
		};
		4EC24A031BEC088400704EF1 /* FuzzleTests */ = {
			isa = PBXGroup;
			children = (
				4EEF8DEA1BEC4A8200D03B12 /* LevelModelTests.m */,
				4EC24A041BEC088400704EF1 /* Supporting Files */,
			);
			path = FuzzleTests;
			sourceTree = "<group>";
		};
		4EC24A041BEC088400704EF1 /* Supporting Files */ = {
			isa = PBXGroup;
			children = (
				4EC24A051BEC088400704EF1 /* Info.plist */,
			);
			name = "Supporting Files";
			sourceTree = "<group>";
		};
/* End PBXGroup section */

/* Begin PBXNativeTarget section */
		4EC249E61BEC088400704EF1 /* Fuzzle */ = {
			isa = PBXNativeTarget;
			buildConfigurationList = 4EC24A0A1BEC088400704EF1 /* Build configuration list for PBXNativeTarget "Fuzzle" */;
			buildPhases = (
				4EC249E31BEC088400704EF1 /* Sources */,
				4EC249E41BEC088400704EF1 /* Frameworks */,
				4EC249E51BEC088400704EF1 /* Resources */,
			);
			buildRules = (
			);
			dependencies = (
			);
			name = Fuzzle;
			productName = Fuzzle;
			productReference = 4EC249E71BEC088400704EF1 /* Fuzzle.app */;
			productType = "com.apple.product-type.application";
		};
		4EC249FF1BEC088400704EF1 /* FuzzleTests */ = {
			isa = PBXNativeTarget;
			buildConfigurationList = 4EC24A0D1BEC088400704EF1 /* Build configuration list for PBXNativeTarget "FuzzleTests" */;
			buildPhases = (
				4EC249FC1BEC088400704EF1 /* Sources */,
				4EC249FD1BEC088400704EF1 /* Frameworks */,
				4EC249FE1BEC088400704EF1 /* Resources */,
			);
			buildRules = (
			);
			dependencies = (
				4EC24A021BEC088400704EF1 /* PBXTargetDependency */,
			);
			name = FuzzleTests;
			productName = FuzzleTests;
			productReference = 4EC24A001BEC088400704EF1 /* FuzzleTests.xctest */;
			productType = "com.apple.product-type.bundle.unit-test";
		};
/* End PBXNativeTarget section */

/* Begin PBXProject section */
		4EC249DF1BEC088400704EF1 /* Project object */ = {
			isa = PBXProject;
			attributes = {
				LastUpgradeCheck = 0640;
				ORGANIZATIONNAME = AndrewSomesYoung;
				TargetAttributes = {
					4EC249E61BEC088400704EF1 = {
						CreatedOnToolsVersion = 6.4;
						DevelopmentTeam = PU29S8785Z;
					};
					4EC249FF1BEC088400704EF1 = {
						CreatedOnToolsVersion = 6.4;
						TestTargetID = 4EC249E61BEC088400704EF1;
					};
				};
			};
			buildConfigurationList = 4EC249E21BEC088400704EF1 /* Build configuration list for PBXProject "Fuzzle" */;
			compatibilityVersion = "Xcode 3.2";
			developmentRegion = English;
			hasScannedForEncodings = 0;
			knownRegions = (
				en,
				Base,
			);
			mainGroup = 4EC249DE1BEC088400704EF1;
			productRefGroup = 4EC249E81BEC088400704EF1 /* Products */;
			projectDirPath = "";
			projectRoot = "";
			targets = (
				4EC249E61BEC088400704EF1 /* Fuzzle */,
				4EC249FF1BEC088400704EF1 /* FuzzleTests */,
			);
		};
/* End PBXProject section */

/* Begin PBXResourcesBuildPhase section */
		4EC249E51BEC088400704EF1 /* Resources */ = {
			isa = PBXResourcesBuildPhase;
			buildActionMask = 2147483647;
			files = (
				4EC249F61BEC088400704EF1 /* Main.storyboard in Resources */,
				4EC249FB1BEC088400704EF1 /* LaunchScreen.xib in Resources */,
				4EC249F81BEC088400704EF1 /* Images.xcassets in Resources */,
			);
			runOnlyForDeploymentPostprocessing = 0;
		};
		4EC249FE1BEC088400704EF1 /* Resources */ = {
			isa = PBXResourcesBuildPhase;
			buildActionMask = 2147483647;
			files = (
			);
			runOnlyForDeploymentPostprocessing = 0;
		};
/* End PBXResourcesBuildPhase section */

/* Begin PBXSourcesBuildPhase section */
		4EC249E31BEC088400704EF1 /* Sources */ = {
			isa = PBXSourcesBuildPhase;
			buildActionMask = 2147483647;
			files = (
				4EEF8DE91BEC49F500D03B12 /* LevelModel.m in Sources */,
				4EC249F31BEC088400704EF1 /* GameBoardViewController.m in Sources */,
				4EC249F01BEC088400704EF1 /* AppDelegate.m in Sources */,
				4E8104181BF056DF007C9F1C /* HighScoresViewController.m in Sources */,
				4EC249ED1BEC088400704EF1 /* main.m in Sources */,
				4E8104151BF040BB007C9F1C /* CongratulationsViewController.m in Sources */,
				4EEF8DEE1BEC50C900D03B12 /* BlockView.m in Sources */,
			);
			runOnlyForDeploymentPostprocessing = 0;
		};
		4EC249FC1BEC088400704EF1 /* Sources */ = {
			isa = PBXSourcesBuildPhase;
			buildActionMask = 2147483647;
			files = (
				4EEF8DEB1BEC4A8200D03B12 /* LevelModelTests.m in Sources */,
			);
			runOnlyForDeploymentPostprocessing = 0;
		};
/* End PBXSourcesBuildPhase section */

/* Begin PBXTargetDependency section */
		4EC24A021BEC088400704EF1 /* PBXTargetDependency */ = {
			isa = PBXTargetDependency;
			target = 4EC249E61BEC088400704EF1 /* Fuzzle */;
			targetProxy = 4EC24A011BEC088400704EF1 /* PBXContainerItemProxy */;
		};
/* End PBXTargetDependency section */

/* Begin PBXVariantGroup section */
		4EC249F41BEC088400704EF1 /* Main.storyboard */ = {
			isa = PBXVariantGroup;
			children = (
				4EC249F51BEC088400704EF1 /* Base */,
			);
			name = Main.storyboard;
			sourceTree = "<group>";
		};
		4EC249F91BEC088400704EF1 /* LaunchScreen.xib */ = {
			isa = PBXVariantGroup;
			children = (
				4EC249FA1BEC088400704EF1 /* Base */,
			);
			name = LaunchScreen.xib;
			sourceTree = "<group>";
		};
/* End PBXVariantGroup section */

/* Begin XCBuildConfiguration section */
		4EC24A081BEC088400704EF1 /* Debug */ = {
			isa = XCBuildConfiguration;
			buildSettings = {
				ALWAYS_SEARCH_USER_PATHS = NO;
				CLANG_CXX_LANGUAGE_STANDARD = "gnu++0x";
				CLANG_CXX_LIBRARY = "libc++";
				CLANG_ENABLE_MODULES = YES;
				CLANG_ENABLE_OBJC_ARC = YES;
				CLANG_WARN_BOOL_CONVERSION = YES;
				CLANG_WARN_CONSTANT_CONVERSION = YES;
				CLANG_WARN_DIRECT_OBJC_ISA_USAGE = YES_ERROR;
				CLANG_WARN_EMPTY_BODY = YES;
				CLANG_WARN_ENUM_CONVERSION = YES;
				CLANG_WARN_INT_CONVERSION = YES;
				CLANG_WARN_OBJC_ROOT_CLASS = YES_ERROR;
				CLANG_WARN_UNREACHABLE_CODE = YES;
				CLANG_WARN__DUPLICATE_METHOD_MATCH = YES;
				"CODE_SIGN_IDENTITY[sdk=iphoneos*]" = "iPhone Developer";
				COPY_PHASE_STRIP = NO;
				DEBUG_INFORMATION_FORMAT = "dwarf-with-dsym";
				ENABLE_STRICT_OBJC_MSGSEND = YES;
				GCC_C_LANGUAGE_STANDARD = gnu99;
				GCC_DYNAMIC_NO_PIC = NO;
				GCC_NO_COMMON_BLOCKS = YES;
				GCC_OPTIMIZATION_LEVEL = 0;
				GCC_PREPROCESSOR_DEFINITIONS = (
					"DEBUG=1",
					"$(inherited)",
				);
				GCC_SYMBOLS_PRIVATE_EXTERN = NO;
				GCC_WARN_64_TO_32_BIT_CONVERSION = YES;
				GCC_WARN_ABOUT_RETURN_TYPE = YES_ERROR;
				GCC_WARN_UNDECLARED_SELECTOR = YES;
				GCC_WARN_UNINITIALIZED_AUTOS = YES_AGGRESSIVE;
				GCC_WARN_UNUSED_FUNCTION = YES;
				GCC_WARN_UNUSED_VARIABLE = YES;
				IPHONEOS_DEPLOYMENT_TARGET = 8.4;
				MTL_ENABLE_DEBUG_INFO = YES;
				ONLY_ACTIVE_ARCH = YES;
				SDKROOT = iphoneos;
				TARGETED_DEVICE_FAMILY = 2;
			};
			name = Debug;
		};
		4EC24A091BEC088400704EF1 /* Release */ = {
			isa = XCBuildConfiguration;
			buildSettings = {
				ALWAYS_SEARCH_USER_PATHS = NO;
				CLANG_CXX_LANGUAGE_STANDARD = "gnu++0x";
				CLANG_CXX_LIBRARY = "libc++";
				CLANG_ENABLE_MODULES = YES;
				CLANG_ENABLE_OBJC_ARC = YES;
				CLANG_WARN_BOOL_CONVERSION = YES;
				CLANG_WARN_CONSTANT_CONVERSION = YES;
				CLANG_WARN_DIRECT_OBJC_ISA_USAGE = YES_ERROR;
				CLANG_WARN_EMPTY_BODY = YES;
				CLANG_WARN_ENUM_CONVERSION = YES;
				CLANG_WARN_INT_CONVERSION = YES;
				CLANG_WARN_OBJC_ROOT_CLASS = YES_ERROR;
				CLANG_WARN_UNREACHABLE_CODE = YES;
				CLANG_WARN__DUPLICATE_METHOD_MATCH = YES;
				"CODE_SIGN_IDENTITY[sdk=iphoneos*]" = "iPhone Developer";
				COPY_PHASE_STRIP = NO;
				DEBUG_INFORMATION_FORMAT = "dwarf-with-dsym";
				ENABLE_NS_ASSERTIONS = NO;
				ENABLE_STRICT_OBJC_MSGSEND = YES;
				GCC_C_LANGUAGE_STANDARD = gnu99;
				GCC_NO_COMMON_BLOCKS = YES;
				GCC_WARN_64_TO_32_BIT_CONVERSION = YES;
				GCC_WARN_ABOUT_RETURN_TYPE = YES_ERROR;
				GCC_WARN_UNDECLARED_SELECTOR = YES;
				GCC_WARN_UNINITIALIZED_AUTOS = YES_AGGRESSIVE;
				GCC_WARN_UNUSED_FUNCTION = YES;
				GCC_WARN_UNUSED_VARIABLE = YES;
				IPHONEOS_DEPLOYMENT_TARGET = 8.4;
				MTL_ENABLE_DEBUG_INFO = NO;
				SDKROOT = iphoneos;
				TARGETED_DEVICE_FAMILY = 2;
				VALIDATE_PRODUCT = YES;
			};
			name = Release;
		};
		4EC24A0B1BEC088400704EF1 /* Debug */ = {
			isa = XCBuildConfiguration;
			buildSettings = {
				ASSETCATALOG_COMPILER_APPICON_NAME = AppIcon;
				CODE_SIGN_IDENTITY = "iPhone Developer";
				"CODE_SIGN_IDENTITY[sdk=iphoneos*]" = "iPhone Developer";
				INFOPLIST_FILE = Fuzzle/Info.plist;
				IPHONEOS_DEPLOYMENT_TARGET = 8.0;
				LD_RUNPATH_SEARCH_PATHS = "$(inherited) @executable_path/Frameworks";
				LIBRARY_SEARCH_PATHS = (
					"$(inherited)",
					"$(PROJECT_DIR)/Flurry",
				);
				PRODUCT_NAME = "$(TARGET_NAME)";
				PROVISIONING_PROFILE = "";
			};
			name = Debug;
		};
		4EC24A0C1BEC088400704EF1 /* Release */ = {
			isa = XCBuildConfiguration;
			buildSettings = {
				ASSETCATALOG_COMPILER_APPICON_NAME = AppIcon;
				CODE_SIGN_IDENTITY = "iPhone Developer";
				"CODE_SIGN_IDENTITY[sdk=iphoneos*]" = "iPhone Developer";
				INFOPLIST_FILE = Fuzzle/Info.plist;
				IPHONEOS_DEPLOYMENT_TARGET = 8.0;
				LD_RUNPATH_SEARCH_PATHS = "$(inherited) @executable_path/Frameworks";
				LIBRARY_SEARCH_PATHS = (
					"$(inherited)",
					"$(PROJECT_DIR)/Flurry",
				);
				PRODUCT_NAME = "$(TARGET_NAME)";
				PROVISIONING_PROFILE = "";
			};
			name = Release;
		};
		4EC24A0E1BEC088400704EF1 /* Debug */ = {
			isa = XCBuildConfiguration;
			buildSettings = {
				BUNDLE_LOADER = "$(TEST_HOST)";
				FRAMEWORK_SEARCH_PATHS = (
					"$(SDKROOT)/Developer/Library/Frameworks",
					"$(inherited)",
				);
				GCC_PREPROCESSOR_DEFINITIONS = (
					"DEBUG=1",
					"$(inherited)",
				);
				INFOPLIST_FILE = FuzzleTests/Info.plist;
				LD_RUNPATH_SEARCH_PATHS = "$(inherited) @executable_path/Frameworks @loader_path/Frameworks";
				PRODUCT_NAME = "$(TARGET_NAME)";
				TEST_HOST = "$(BUILT_PRODUCTS_DIR)/Fuzzle.app/Fuzzle";
			};
			name = Debug;
		};
		4EC24A0F1BEC088400704EF1 /* Release */ = {
			isa = XCBuildConfiguration;
			buildSettings = {
				BUNDLE_LOADER = "$(TEST_HOST)";
				FRAMEWORK_SEARCH_PATHS = (
					"$(SDKROOT)/Developer/Library/Frameworks",
					"$(inherited)",
				);
				INFOPLIST_FILE = FuzzleTests/Info.plist;
				LD_RUNPATH_SEARCH_PATHS = "$(inherited) @executable_path/Frameworks @loader_path/Frameworks";
				PRODUCT_NAME = "$(TARGET_NAME)";
				TEST_HOST = "$(BUILT_PRODUCTS_DIR)/Fuzzle.app/Fuzzle";
			};
			name = Release;
		};
/* End XCBuildConfiguration section */

/* Begin XCConfigurationList section */
		4EC249E21BEC088400704EF1 /* Build configuration list for PBXProject "Fuzzle" */ = {
			isa = XCConfigurationList;
			buildConfigurations = (
				4EC24A081BEC088400704EF1 /* Debug */,
				4EC24A091BEC088400704EF1 /* Release */,
			);
			defaultConfigurationIsVisible = 0;
			defaultConfigurationName = Release;
		};
		4EC24A0A1BEC088400704EF1 /* Build configuration list for PBXNativeTarget "Fuzzle" */ = {
			isa = XCConfigurationList;
			buildConfigurations = (
				4EC24A0B1BEC088400704EF1 /* Debug */,
				4EC24A0C1BEC088400704EF1 /* Release */,
			);
			defaultConfigurationIsVisible = 0;
			defaultConfigurationName = Release;
		};
		4EC24A0D1BEC088400704EF1 /* Build configuration list for PBXNativeTarget "FuzzleTests" */ = {
			isa = XCConfigurationList;
			buildConfigurations = (
				4EC24A0E1BEC088400704EF1 /* Debug */,
				4EC24A0F1BEC088400704EF1 /* Release */,
			);
			defaultConfigurationIsVisible = 0;
			defaultConfigurationName = Release;
		};
/* End XCConfigurationList section */
	};
	rootObject = 4EC249DF1BEC088400704EF1 /* Project object */;
}
